
Microsoft Visual Studio Solution File, Format Version 12.00
# Visual Studio 2015
Project("{FAE04EC0-301F-11D3-BF4B-00C04F79EFBC}") = "Boid Behavior.CSharp", "Boid Behavior.CSharp.csproj", "{EFD7318E-483C-7A49-04E9-2591889F56FA}"
EndProject
Global
	GlobalSection(SolutionConfigurationPlatforms) = preSolution
		Debug|Any CPU = Debug|Any CPU
		Release|Any CPU = Release|Any CPU
	EndGlobalSection
	GlobalSection(ProjectConfigurationPlatforms) = postSolution
		{EFD7318E-483C-7A49-04E9-2591889F56FA}.Debug|Any CPU.ActiveCfg = Debug|Any CPU
		{EFD7318E-483C-7A49-04E9-2591889F56FA}.Debug|Any CPU.Build.0 = Debug|Any CPU
		{EFD7318E-483C-7A49-04E9-2591889F56FA}.Release|Any CPU.ActiveCfg = Release|Any CPU
		{EFD7318E-483C-7A49-04E9-2591889F56FA}.Release|Any CPU.Build.0 = Release|Any CPU
	EndGlobalSection
	GlobalSection(SolutionProperties) = preSolution
		HideSolutionNode = FALSE
	EndGlobalSection
EndGlobal
